// !$*UTF8*$!
{
	archiveVersion = 1;
	classes = {
	};
	objectVersion = 48;
	objects = {

/* Begin PBXBuildFile section */
		5B21AE0C1F2B11D70035B82B /* Promise.swift in Sources */ = {isa = PBXBuildFile; fileRef = 5B21AE0B1F2B11D70035B82B /* Promise.swift */; };
		5B397B6D1F301EDD00EC97DD /* URLDataPromise.swift in Sources */ = {isa = PBXBuildFile; fileRef = 5B397B6C1F301EDD00EC97DD /* URLDataPromise.swift */; };
		5B47C9931F30CE7200755AAE /* UIView+Promise.swift in Sources */ = {isa = PBXBuildFile; fileRef = 5B47C9921F30CE7200755AAE /* UIView+Promise.swift */; };
		5B47C9991F31720D00755AAE /* Promise+After.swift in Sources */ = {isa = PBXBuildFile; fileRef = 5B47C9981F31720D00755AAE /* Promise+After.swift */; };
		5B47C99B1F31788900755AAE /* Promise+DispatchQueue.swift in Sources */ = {isa = PBXBuildFile; fileRef = 5B47C99A1F31788900755AAE /* Promise+DispatchQueue.swift */; };
		5B732B221F3083190024BAB0 /* URLSession+Promise.swift in Sources */ = {isa = PBXBuildFile; fileRef = 5B397B641F3016B400EC97DD /* URLSession+Promise.swift */; };
		5BE95E6B1F2ADB33003D4D97 /* Aerodramus.framework in Frameworks */ = {isa = PBXBuildFile; fileRef = 5BE95E611F2ADB33003D4D97 /* Aerodramus.framework */; };
		5BE95E701F2ADB33003D4D97 /* AerodramusTests.swift in Sources */ = {isa = PBXBuildFile; fileRef = 5BE95E6F1F2ADB33003D4D97 /* AerodramusTests.swift */; };
		5BE95E721F2ADB33003D4D97 /* Aerodramus.h in Headers */ = {isa = PBXBuildFile; fileRef = 5BE95E641F2ADB33003D4D97 /* Aerodramus.h */; settings = {ATTRIBUTES = (Public, ); }; };
		5BE95E7D1F2ADBBF003D4D97 /* Callbacks.swift in Sources */ = {isa = PBXBuildFile; fileRef = 5BE95E7C1F2ADBBF003D4D97 /* Callbacks.swift */; };
/* End PBXBuildFile section */

/* Begin PBXContainerItemProxy section */
		5BE95E6C1F2ADB33003D4D97 /* PBXContainerItemProxy */ = {
			isa = PBXContainerItemProxy;
			containerPortal = 5BE95E581F2ADB32003D4D97 /* Project object */;
			proxyType = 1;
			remoteGlobalIDString = 5BE95E601F2ADB33003D4D97;
			remoteInfo = Aerodramus;
		};
/* End PBXContainerItemProxy section */

/* Begin PBXFileReference section */
		5B21AE0B1F2B11D70035B82B /* Promise.swift */ = {isa = PBXFileReference; lastKnownFileType = sourcecode.swift; path = Promise.swift; sourceTree = "<group>"; };
		5B397B641F3016B400EC97DD /* URLSession+Promise.swift */ = {isa = PBXFileReference; lastKnownFileType = sourcecode.swift; path = "URLSession+Promise.swift"; sourceTree = "<group>"; };
		5B397B671F3016B400EC97DD /* UIActivityIndicatorView+Promise.swift */ = {isa = PBXFileReference; lastKnownFileType = sourcecode.swift; path = "UIActivityIndicatorView+Promise.swift"; sourceTree = "<group>"; };
		5B397B691F3016B400EC97DD /* UIProgressView+Promise.swift */ = {isa = PBXFileReference; lastKnownFileType = sourcecode.swift; path = "UIProgressView+Promise.swift"; sourceTree = "<group>"; };
		5B397B6C1F301EDD00EC97DD /* URLDataPromise.swift */ = {isa = PBXFileReference; lastKnownFileType = sourcecode.swift; path = URLDataPromise.swift; sourceTree = "<group>"; };
		5B47C9921F30CE7200755AAE /* UIView+Promise.swift */ = {isa = PBXFileReference; lastKnownFileType = sourcecode.swift; path = "UIView+Promise.swift"; sourceTree = "<group>"; };
		5B47C9981F31720D00755AAE /* Promise+After.swift */ = {isa = PBXFileReference; lastKnownFileType = sourcecode.swift; path = "Promise+After.swift"; sourceTree = "<group>"; };
		5B47C99A1F31788900755AAE /* Promise+DispatchQueue.swift */ = {isa = PBXFileReference; lastKnownFileType = sourcecode.swift; path = "Promise+DispatchQueue.swift"; sourceTree = "<group>"; };
		5BE95E611F2ADB33003D4D97 /* Aerodramus.framework */ = {isa = PBXFileReference; explicitFileType = wrapper.framework; includeInIndex = 0; path = Aerodramus.framework; sourceTree = BUILT_PRODUCTS_DIR; };
		5BE95E641F2ADB33003D4D97 /* Aerodramus.h */ = {isa = PBXFileReference; lastKnownFileType = sourcecode.c.h; path = Aerodramus.h; sourceTree = "<group>"; };
		5BE95E651F2ADB33003D4D97 /* Info.plist */ = {isa = PBXFileReference; lastKnownFileType = text.plist.xml; path = Info.plist; sourceTree = "<group>"; };
		5BE95E6A1F2ADB33003D4D97 /* AerodramusTests.xctest */ = {isa = PBXFileReference; explicitFileType = wrapper.cfbundle; includeInIndex = 0; path = AerodramusTests.xctest; sourceTree = BUILT_PRODUCTS_DIR; };
		5BE95E6F1F2ADB33003D4D97 /* AerodramusTests.swift */ = {isa = PBXFileReference; lastKnownFileType = sourcecode.swift; path = AerodramusTests.swift; sourceTree = "<group>"; };
		5BE95E711F2ADB33003D4D97 /* Info.plist */ = {isa = PBXFileReference; lastKnownFileType = text.plist.xml; path = Info.plist; sourceTree = "<group>"; };
		5BE95E7C1F2ADBBF003D4D97 /* Callbacks.swift */ = {isa = PBXFileReference; lastKnownFileType = sourcecode.swift; path = Callbacks.swift; sourceTree = "<group>"; };
/* End PBXFileReference section */

/* Begin PBXFrameworksBuildPhase section */
		5BE95E5D1F2ADB33003D4D97 /* Frameworks */ = {
			isa = PBXFrameworksBuildPhase;
			buildActionMask = 2147483647;
			files = (
			);
			runOnlyForDeploymentPostprocessing = 0;
		};
		5BE95E671F2ADB33003D4D97 /* Frameworks */ = {
			isa = PBXFrameworksBuildPhase;
			buildActionMask = 2147483647;
			files = (
				5BE95E6B1F2ADB33003D4D97 /* Aerodramus.framework in Frameworks */,
			);
			runOnlyForDeploymentPostprocessing = 0;
		};
/* End PBXFrameworksBuildPhase section */

/* Begin PBXGroup section */
		5B21AE0A1F2B11A40035B82B /* Promise */ = {
			isa = PBXGroup;
			children = (
				5B21AE0B1F2B11D70035B82B /* Promise.swift */,
				5B47C9971F3171B700755AAE /* Features */,
				5BEB27F01F2E0E5600E6DE07 /* Extensions */,
			);
			path = Promise;
			sourceTree = "<group>";
		};
		5B397B621F3016B400EC97DD /* Foundation */ = {
			isa = PBXGroup;
			children = (
				5B397B631F3016B400EC97DD /* URLSession */,
			);
			path = Foundation;
			sourceTree = "<group>";
		};
		5B397B631F3016B400EC97DD /* URLSession */ = {
			isa = PBXGroup;
			children = (
				5B397B6C1F301EDD00EC97DD /* URLDataPromise.swift */,
				5B397B641F3016B400EC97DD /* URLSession+Promise.swift */,
			);
			path = URLSession;
			sourceTree = "<group>";
		};
		5B397B651F3016B400EC97DD /* UIKit */ = {
			isa = PBXGroup;
			children = (
				5B397B661F3016B400EC97DD /* UIActivityIndicatorView */,
				5B397B681F3016B400EC97DD /* UIProgressView */,
				5B47C9911F30CE5700755AAE /* UIView */,
			);
			path = UIKit;
			sourceTree = "<group>";
		};
		5B397B661F3016B400EC97DD /* UIActivityIndicatorView */ = {
			isa = PBXGroup;
			children = (
				5B397B671F3016B400EC97DD /* UIActivityIndicatorView+Promise.swift */,
			);
			path = UIActivityIndicatorView;
			sourceTree = "<group>";
		};
		5B397B681F3016B400EC97DD /* UIProgressView */ = {
			isa = PBXGroup;
			children = (
				5B397B691F3016B400EC97DD /* UIProgressView+Promise.swift */,
			);
			path = UIProgressView;
			sourceTree = "<group>";
		};
		5B47C9911F30CE5700755AAE /* UIView */ = {
			isa = PBXGroup;
			children = (
				5B47C9921F30CE7200755AAE /* UIView+Promise.swift */,
			);
			path = UIView;
			sourceTree = "<group>";
		};
		5B47C9971F3171B700755AAE /* Features */ = {
			isa = PBXGroup;
			children = (
				5B47C9981F31720D00755AAE /* Promise+After.swift */,
				5B47C99A1F31788900755AAE /* Promise+DispatchQueue.swift */,
			);
			path = Features;
			sourceTree = "<group>";
		};
		5BE95E571F2ADB32003D4D97 = {
			isa = PBXGroup;
			children = (
				5BE95E631F2ADB33003D4D97 /* Aerodramus */,
				5BE95E6E1F2ADB33003D4D97 /* AerodramusTests */,
				5BE95E621F2ADB33003D4D97 /* Products */,
			);
			sourceTree = "<group>";
		};
		5BE95E621F2ADB33003D4D97 /* Products */ = {
			isa = PBXGroup;
			children = (
				5BE95E611F2ADB33003D4D97 /* Aerodramus.framework */,
				5BE95E6A1F2ADB33003D4D97 /* AerodramusTests.xctest */,
			);
			name = Products;
			sourceTree = "<group>";
		};
		5BE95E631F2ADB33003D4D97 /* Aerodramus */ = {
			isa = PBXGroup;
			children = (
				5BE95E7B1F2ADBB1003D4D97 /* Callbacks */,
				5B21AE0A1F2B11A40035B82B /* Promise */,
				5BE95E641F2ADB33003D4D97 /* Aerodramus.h */,
				5BE95E651F2ADB33003D4D97 /* Info.plist */,
			);
			path = Aerodramus;
			sourceTree = "<group>";
		};
		5BE95E6E1F2ADB33003D4D97 /* AerodramusTests */ = {
			isa = PBXGroup;
			children = (
				5BE95E6F1F2ADB33003D4D97 /* AerodramusTests.swift */,
				5BE95E711F2ADB33003D4D97 /* Info.plist */,
			);
			path = AerodramusTests;
			sourceTree = "<group>";
		};
		5BE95E7B1F2ADBB1003D4D97 /* Callbacks */ = {
			isa = PBXGroup;
			children = (
				5BE95E7C1F2ADBBF003D4D97 /* Callbacks.swift */,
			);
			path = Callbacks;
			sourceTree = "<group>";
		};
		5BEB27F01F2E0E5600E6DE07 /* Extensions */ = {
			isa = PBXGroup;
			children = (
				5B397B621F3016B400EC97DD /* Foundation */,
				5B397B651F3016B400EC97DD /* UIKit */,
			);
			path = Extensions;
			sourceTree = "<group>";
		};
/* End PBXGroup section */

/* Begin PBXHeadersBuildPhase section */
		5BE95E5E1F2ADB33003D4D97 /* Headers */ = {
			isa = PBXHeadersBuildPhase;
			buildActionMask = 2147483647;
			files = (
				5BE95E721F2ADB33003D4D97 /* Aerodramus.h in Headers */,
			);
			runOnlyForDeploymentPostprocessing = 0;
		};
/* End PBXHeadersBuildPhase section */

/* Begin PBXNativeTarget section */
		5BE95E601F2ADB33003D4D97 /* Aerodramus */ = {
			isa = PBXNativeTarget;
			buildConfigurationList = 5BE95E751F2ADB33003D4D97 /* Build configuration list for PBXNativeTarget "Aerodramus" */;
			buildPhases = (
				5BE95E5C1F2ADB33003D4D97 /* Sources */,
				5BE95E5D1F2ADB33003D4D97 /* Frameworks */,
				5BE95E5E1F2ADB33003D4D97 /* Headers */,
				5BE95E5F1F2ADB33003D4D97 /* Resources */,
			);
			buildRules = (
			);
			dependencies = (
			);
			name = Aerodramus;
			productName = Aerodramus;
			productReference = 5BE95E611F2ADB33003D4D97 /* Aerodramus.framework */;
			productType = "com.apple.product-type.framework";
		};
		5BE95E691F2ADB33003D4D97 /* AerodramusTests */ = {
			isa = PBXNativeTarget;
			buildConfigurationList = 5BE95E781F2ADB33003D4D97 /* Build configuration list for PBXNativeTarget "AerodramusTests" */;
			buildPhases = (
				5BE95E661F2ADB33003D4D97 /* Sources */,
				5BE95E671F2ADB33003D4D97 /* Frameworks */,
				5BE95E681F2ADB33003D4D97 /* Resources */,
			);
			buildRules = (
			);
			dependencies = (
				5BE95E6D1F2ADB33003D4D97 /* PBXTargetDependency */,
			);
			name = AerodramusTests;
			productName = AerodramusTests;
			productReference = 5BE95E6A1F2ADB33003D4D97 /* AerodramusTests.xctest */;
			productType = "com.apple.product-type.bundle.unit-test";
		};
/* End PBXNativeTarget section */

/* Begin PBXProject section */
		5BE95E581F2ADB32003D4D97 /* Project object */ = {
			isa = PBXProject;
			attributes = {
				LastSwiftUpdateCheck = 0900;
				LastUpgradeCheck = 0900;
				ORGANIZATIONNAME = Zodiac.com;
				TargetAttributes = {
					5BE95E601F2ADB33003D4D97 = {
						CreatedOnToolsVersion = 9.0;
						LastSwiftMigration = 0900;
					};
					5BE95E691F2ADB33003D4D97 = {
						CreatedOnToolsVersion = 9.0;
					};
				};
			};
			buildConfigurationList = 5BE95E5B1F2ADB32003D4D97 /* Build configuration list for PBXProject "Aerodramus" */;
			compatibilityVersion = "Xcode 8.0";
			developmentRegion = en;
			hasScannedForEncodings = 0;
			knownRegions = (
				en,
			);
			mainGroup = 5BE95E571F2ADB32003D4D97;
			productRefGroup = 5BE95E621F2ADB33003D4D97 /* Products */;
			projectDirPath = "";
			projectRoot = "";
			targets = (
				5BE95E601F2ADB33003D4D97 /* Aerodramus */,
				5BE95E691F2ADB33003D4D97 /* AerodramusTests */,
			);
		};
/* End PBXProject section */

/* Begin PBXResourcesBuildPhase section */
		5BE95E5F1F2ADB33003D4D97 /* Resources */ = {
			isa = PBXResourcesBuildPhase;
			buildActionMask = 2147483647;
			files = (
			);
			runOnlyForDeploymentPostprocessing = 0;
		};
		5BE95E681F2ADB33003D4D97 /* Resources */ = {
			isa = PBXResourcesBuildPhase;
			buildActionMask = 2147483647;
			files = (
			);
			runOnlyForDeploymentPostprocessing = 0;
		};
/* End PBXResourcesBuildPhase section */

/* Begin PBXSourcesBuildPhase section */
		5BE95E5C1F2ADB33003D4D97 /* Sources */ = {
			isa = PBXSourcesBuildPhase;
			buildActionMask = 2147483647;
			files = (
				5BE95E7D1F2ADBBF003D4D97 /* Callbacks.swift in Sources */,
				5B21AE0C1F2B11D70035B82B /* Promise.swift in Sources */,
				5B47C9991F31720D00755AAE /* Promise+After.swift in Sources */,
				5B47C9931F30CE7200755AAE /* UIView+Promise.swift in Sources */,
				5B397B6D1F301EDD00EC97DD /* URLDataPromise.swift in Sources */,
				5B732B221F3083190024BAB0 /* URLSession+Promise.swift in Sources */,
				5B47C99B1F31788900755AAE /* Promise+DispatchQueue.swift in Sources */,
			);
			runOnlyForDeploymentPostprocessing = 0;
		};
		5BE95E661F2ADB33003D4D97 /* Sources */ = {
			isa = PBXSourcesBuildPhase;
			buildActionMask = 2147483647;
			files = (
				5BE95E701F2ADB33003D4D97 /* AerodramusTests.swift in Sources */,
			);
			runOnlyForDeploymentPostprocessing = 0;
		};
/* End PBXSourcesBuildPhase section */

/* Begin PBXTargetDependency section */
		5BE95E6D1F2ADB33003D4D97 /* PBXTargetDependency */ = {
			isa = PBXTargetDependency;
			target = 5BE95E601F2ADB33003D4D97 /* Aerodramus */;
			targetProxy = 5BE95E6C1F2ADB33003D4D97 /* PBXContainerItemProxy */;
		};
/* End PBXTargetDependency section */

/* Begin XCBuildConfiguration section */
		5BE95E731F2ADB33003D4D97 /* Debug */ = {
			isa = XCBuildConfiguration;
			buildSettings = {
				ALWAYS_SEARCH_USER_PATHS = NO;
				CLANG_ANALYZER_NONNULL = YES;
				CLANG_ANALYZER_NUMBER_OBJECT_CONVERSION = YES_AGGRESSIVE;
				CLANG_CXX_LANGUAGE_STANDARD = "gnu++14";
				CLANG_CXX_LIBRARY = "libc++";
				CLANG_ENABLE_MODULES = YES;
				CLANG_ENABLE_OBJC_ARC = YES;
				CLANG_WARN_BLOCK_CAPTURE_AUTORELEASING = YES;
				CLANG_WARN_BOOL_CONVERSION = YES;
				CLANG_WARN_COMMA = YES;
				CLANG_WARN_CONSTANT_CONVERSION = YES;
				CLANG_WARN_DIRECT_OBJC_ISA_USAGE = YES_ERROR;
				CLANG_WARN_DOCUMENTATION_COMMENTS = YES;
				CLANG_WARN_EMPTY_BODY = YES;
				CLANG_WARN_ENUM_CONVERSION = YES;
				CLANG_WARN_INFINITE_RECURSION = YES;
				CLANG_WARN_INT_CONVERSION = YES;
				CLANG_WARN_NON_LITERAL_NULL_CONVERSION = YES;
				CLANG_WARN_OBJC_LITERAL_CONVERSION = YES;
				CLANG_WARN_OBJC_ROOT_CLASS = YES_ERROR;
				CLANG_WARN_RANGE_LOOP_ANALYSIS = YES;
				CLANG_WARN_STRICT_PROTOTYPES = YES;
				CLANG_WARN_SUSPICIOUS_MOVE = YES;
				CLANG_WARN_UNGUARDED_AVAILABILITY = YES_AGGRESSIVE;
				CLANG_WARN_UNREACHABLE_CODE = YES;
				CLANG_WARN__DUPLICATE_METHOD_MATCH = YES;
				CODE_SIGN_IDENTITY = "iPhone Developer";
				COPY_PHASE_STRIP = NO;
				CURRENT_PROJECT_VERSION = 1;
				DEBUG_INFORMATION_FORMAT = dwarf;
				ENABLE_STRICT_OBJC_MSGSEND = YES;
				ENABLE_TESTABILITY = YES;
				GCC_C_LANGUAGE_STANDARD = gnu11;
				GCC_DYNAMIC_NO_PIC = NO;
				GCC_NO_COMMON_BLOCKS = YES;
				GCC_OPTIMIZATION_LEVEL = 0;
				GCC_PREPROCESSOR_DEFINITIONS = (
					"DEBUG=1",
					"$(inherited)",
				);
				GCC_WARN_64_TO_32_BIT_CONVERSION = YES;
				GCC_WARN_ABOUT_RETURN_TYPE = YES_ERROR;
				GCC_WARN_UNDECLARED_SELECTOR = YES;
				GCC_WARN_UNINITIALIZED_AUTOS = YES_AGGRESSIVE;
				GCC_WARN_UNUSED_FUNCTION = YES;
				GCC_WARN_UNUSED_VARIABLE = YES;
				IPHONEOS_DEPLOYMENT_TARGET = 11.0;
				MTL_ENABLE_DEBUG_INFO = YES;
				ONLY_ACTIVE_ARCH = YES;
				SDKROOT = iphoneos;
				SWIFT_ACTIVE_COMPILATION_CONDITIONS = DEBUG;
				SWIFT_OPTIMIZATION_LEVEL = "-Onone";
				VERSIONING_SYSTEM = "apple-generic";
				VERSION_INFO_PREFIX = "";
			};
			name = Debug;
		};
		5BE95E741F2ADB33003D4D97 /* Release */ = {
			isa = XCBuildConfiguration;
			buildSettings = {
				ALWAYS_SEARCH_USER_PATHS = NO;
				CLANG_ANALYZER_NONNULL = YES;
				CLANG_ANALYZER_NUMBER_OBJECT_CONVERSION = YES_AGGRESSIVE;
				CLANG_CXX_LANGUAGE_STANDARD = "gnu++14";
				CLANG_CXX_LIBRARY = "libc++";
				CLANG_ENABLE_MODULES = YES;
				CLANG_ENABLE_OBJC_ARC = YES;
				CLANG_WARN_BLOCK_CAPTURE_AUTORELEASING = YES;
				CLANG_WARN_BOOL_CONVERSION = YES;
				CLANG_WARN_COMMA = YES;
				CLANG_WARN_CONSTANT_CONVERSION = YES;
				CLANG_WARN_DIRECT_OBJC_ISA_USAGE = YES_ERROR;
				CLANG_WARN_DOCUMENTATION_COMMENTS = YES;
				CLANG_WARN_EMPTY_BODY = YES;
				CLANG_WARN_ENUM_CONVERSION = YES;
				CLANG_WARN_INFINITE_RECURSION = YES;
				CLANG_WARN_INT_CONVERSION = YES;
				CLANG_WARN_NON_LITERAL_NULL_CONVERSION = YES;
				CLANG_WARN_OBJC_LITERAL_CONVERSION = YES;
				CLANG_WARN_OBJC_ROOT_CLASS = YES_ERROR;
				CLANG_WARN_RANGE_LOOP_ANALYSIS = YES;
				CLANG_WARN_STRICT_PROTOTYPES = YES;
				CLANG_WARN_SUSPICIOUS_MOVE = YES;
				CLANG_WARN_UNGUARDED_AVAILABILITY = YES_AGGRESSIVE;
				CLANG_WARN_UNREACHABLE_CODE = YES;
				CLANG_WARN__DUPLICATE_METHOD_MATCH = YES;
				CODE_SIGN_IDENTITY = "iPhone Developer";
				COPY_PHASE_STRIP = NO;
				CURRENT_PROJECT_VERSION = 1;
				DEBUG_INFORMATION_FORMAT = "dwarf-with-dsym";
				ENABLE_NS_ASSERTIONS = NO;
				ENABLE_STRICT_OBJC_MSGSEND = YES;
				GCC_C_LANGUAGE_STANDARD = gnu11;
				GCC_NO_COMMON_BLOCKS = YES;
				GCC_WARN_64_TO_32_BIT_CONVERSION = YES;
				GCC_WARN_ABOUT_RETURN_TYPE = YES_ERROR;
				GCC_WARN_UNDECLARED_SELECTOR = YES;
				GCC_WARN_UNINITIALIZED_AUTOS = YES_AGGRESSIVE;
				GCC_WARN_UNUSED_FUNCTION = YES;
				GCC_WARN_UNUSED_VARIABLE = YES;
				IPHONEOS_DEPLOYMENT_TARGET = 11.0;
				MTL_ENABLE_DEBUG_INFO = NO;
				SDKROOT = iphoneos;
				SWIFT_OPTIMIZATION_LEVEL = "-Owholemodule";
				VALIDATE_PRODUCT = YES;
				VERSIONING_SYSTEM = "apple-generic";
				VERSION_INFO_PREFIX = "";
			};
			name = Release;
		};
		5BE95E761F2ADB33003D4D97 /* Debug */ = {
			isa = XCBuildConfiguration;
			buildSettings = {
				CLANG_ENABLE_MODULES = YES;
				CODE_SIGN_IDENTITY = "";
				DEFINES_MODULE = YES;
				DEVELOPMENT_TEAM = YVPWASV7G4;
				DYLIB_COMPATIBILITY_VERSION = 1;
				DYLIB_CURRENT_VERSION = 1;
				DYLIB_INSTALL_NAME_BASE = "@rpath";
				INFOPLIST_FILE = Aerodramus/Info.plist;
				INSTALL_PATH = "$(LOCAL_LIBRARY_DIR)/Frameworks";
				LD_RUNPATH_SEARCH_PATHS = "$(inherited) @executable_path/Frameworks @loader_path/Frameworks";
				PRODUCT_BUNDLE_IDENTIFIER = com.zodiac.Aerodramus;
				PRODUCT_NAME = "$(TARGET_NAME:c99extidentifier)";
				SKIP_INSTALL = YES;
				SWIFT_OPTIMIZATION_LEVEL = "-Onone";
				SWIFT_VERSION = 4.0;
				TARGETED_DEVICE_FAMILY = "1,2";
			};
			name = Debug;
		};
		5BE95E771F2ADB33003D4D97 /* Release */ = {
			isa = XCBuildConfiguration;
			buildSettings = {
				CLANG_ENABLE_MODULES = YES;
				CODE_SIGN_IDENTITY = "";
				DEFINES_MODULE = YES;
				DEVELOPMENT_TEAM = YVPWASV7G4;
				DYLIB_COMPATIBILITY_VERSION = 1;
				DYLIB_CURRENT_VERSION = 1;
				DYLIB_INSTALL_NAME_BASE = "@rpath";
				INFOPLIST_FILE = Aerodramus/Info.plist;
				INSTALL_PATH = "$(LOCAL_LIBRARY_DIR)/Frameworks";
				LD_RUNPATH_SEARCH_PATHS = "$(inherited) @executable_path/Frameworks @loader_path/Frameworks";
				PRODUCT_BUNDLE_IDENTIFIER = com.zodiac.Aerodramus;
				PRODUCT_NAME = "$(TARGET_NAME:c99extidentifier)";
				SKIP_INSTALL = YES;
				SWIFT_VERSION = 4.0;
				TARGETED_DEVICE_FAMILY = "1,2";
			};
			name = Release;
		};
		5BE95E791F2ADB33003D4D97 /* Debug */ = {
			isa = XCBuildConfiguration;
			buildSettings = {
				ALWAYS_EMBED_SWIFT_STANDARD_LIBRARIES = YES;
				DEVELOPMENT_TEAM = YVPWASV7G4;
				INFOPLIST_FILE = AerodramusTests/Info.plist;
				LD_RUNPATH_SEARCH_PATHS = "$(inherited) @executable_path/Frameworks @loader_path/Frameworks";
				PRODUCT_BUNDLE_IDENTIFIER = com.zodiac.AerodramusTests;
				PRODUCT_NAME = "$(TARGET_NAME)";
				SWIFT_VERSION = 4.0;
				TARGETED_DEVICE_FAMILY = "1,2";
			};
			name = Debug;
		};
		5BE95E7A1F2ADB33003D4D97 /* Release */ = {
			isa = XCBuildConfiguration;
			buildSettings = {
				ALWAYS_EMBED_SWIFT_STANDARD_LIBRARIES = YES;
				DEVELOPMENT_TEAM = YVPWASV7G4;
				INFOPLIST_FILE = AerodramusTests/Info.plist;
				LD_RUNPATH_SEARCH_PATHS = "$(inherited) @executable_path/Frameworks @loader_path/Frameworks";
				PRODUCT_BUNDLE_IDENTIFIER = com.zodiac.AerodramusTests;
				PRODUCT_NAME = "$(TARGET_NAME)";
				SWIFT_VERSION = 4.0;
				TARGETED_DEVICE_FAMILY = "1,2";
			};
			name = Release;
		};
/* End XCBuildConfiguration section */

/* Begin XCConfigurationList section */
		5BE95E5B1F2ADB32003D4D97 /* Build configuration list for PBXProject "Aerodramus" */ = {
			isa = XCConfigurationList;
			buildConfigurations = (
				5BE95E731F2ADB33003D4D97 /* Debug */,
				5BE95E741F2ADB33003D4D97 /* Release */,
			);
			defaultConfigurationIsVisible = 0;
			defaultConfigurationName = Release;
		};
		5BE95E751F2ADB33003D4D97 /* Build configuration list for PBXNativeTarget "Aerodramus" */ = {
			isa = XCConfigurationList;
			buildConfigurations = (
				5BE95E761F2ADB33003D4D97 /* Debug */,
				5BE95E771F2ADB33003D4D97 /* Release */,
			);
			defaultConfigurationIsVisible = 0;
			defaultConfigurationName = Release;
		};
		5BE95E781F2ADB33003D4D97 /* Build configuration list for PBXNativeTarget "AerodramusTests" */ = {
			isa = XCConfigurationList;
			buildConfigurations = (
				5BE95E791F2ADB33003D4D97 /* Debug */,
				5BE95E7A1F2ADB33003D4D97 /* Release */,
			);
			defaultConfigurationIsVisible = 0;
			defaultConfigurationName = Release;
		};
/* End XCConfigurationList section */
	};
	rootObject = 5BE95E581F2ADB32003D4D97 /* Project object */;
}
